
Microsoft Visual Studio Solution File, Format Version 12.00
# Visual Studio Version 17
VisualStudioVersion = 17.0.32014.148
MinimumVisualStudioVersion = 10.0.40219.1
Project("{9A19103F-16F7-4668-BE54-9A1E7A4F7556}") = "Core", "Core\Core.csproj", "{940BD46C-C89B-4C62-87DF-6DA6428A63DF}"
EndProject
Project("{9A19103F-16F7-4668-BE54-9A1E7A4F7556}") = "Persistence", "Persistence\Persistence.csproj", "{0558BA60-913B-4EE4-B2B3-B385C2DCBBB8}"
EndProject
Project("{9A19103F-16F7-4668-BE54-9A1E7A4F7556}") = "Utils", "Utils\Utils.csproj", "{8F074B17-1420-4EA4-906A-DB08BA3FE332}"
EndProject
Project("{9A19103F-16F7-4668-BE54-9A1E7A4F7556}") = "ConsoleFillDb", "ConsoleFillDb\ConsoleFillDb.csproj", "{053E3575-0C7E-4CB9-A126-F4EE5D17C426}"
EndProject
Project("{9A19103F-16F7-4668-BE54-9A1E7A4F7556}") = "ConsoleApp", "ConsoleApp\ConsoleApp.csproj", "{B10A1E93-3BB0-483E-B254-899FBBE5E1AB}"
EndProject
Project("{9A19103F-16F7-4668-BE54-9A1E7A4F7556}") = "WebApi", "WebApi\WebApi.csproj", "{59578596-E64D-4C5C-81E2-B2D3FECBA469}"
EndProject
Project("{9A19103F-16F7-4668-BE54-9A1E7A4F7556}") = "WebAPP", "WebAPP\WebAPP.csproj", "{F31367F5-84B9-4547-9F2E-116DA42B23AE}"
EndProject
Global
	GlobalSection(SolutionConfigurationPlatforms) = preSolution
		Debug|Any CPU = Debug|Any CPU
		Release|Any CPU = Release|Any CPU
	EndGlobalSection
	GlobalSection(ProjectConfigurationPlatforms) = postSolution
		{940BD46C-C89B-4C62-87DF-6DA6428A63DF}.Debug|Any CPU.ActiveCfg = Debug|Any CPU
		{940BD46C-C89B-4C62-87DF-6DA6428A63DF}.Debug|Any CPU.Build.0 = Debug|Any CPU
		{940BD46C-C89B-4C62-87DF-6DA6428A63DF}.Release|Any CPU.ActiveCfg = Release|Any CPU
		{940BD46C-C89B-4C62-87DF-6DA6428A63DF}.Release|Any CPU.Build.0 = Release|Any CPU
		{0558BA60-913B-4EE4-B2B3-B385C2DCBBB8}.Debug|Any CPU.ActiveCfg = Debug|Any CPU
		{0558BA60-913B-4EE4-B2B3-B385C2DCBBB8}.Debug|Any CPU.Build.0 = Debug|Any CPU
		{0558BA60-913B-4EE4-B2B3-B385C2DCBBB8}.Release|Any CPU.ActiveCfg = Release|Any CPU
		{0558BA60-913B-4EE4-B2B3-B385C2DCBBB8}.Release|Any CPU.Build.0 = Release|Any CPU
		{8F074B17-1420-4EA4-906A-DB08BA3FE332}.Debug|Any CPU.ActiveCfg = Debug|Any CPU
		{8F074B17-1420-4EA4-906A-DB08BA3FE332}.Debug|Any CPU.Build.0 = Debug|Any CPU
		{8F074B17-1420-4EA4-906A-DB08BA3FE332}.Release|Any CPU.ActiveCfg = Release|Any CPU
		{8F074B17-1420-4EA4-906A-DB08BA3FE332}.Release|Any CPU.Build.0 = Release|Any CPU
		{053E3575-0C7E-4CB9-A126-F4EE5D17C426}.Debug|Any CPU.ActiveCfg = Debug|Any CPU
		{053E3575-0C7E-4CB9-A126-F4EE5D17C426}.Debug|Any CPU.Build.0 = Debug|Any CPU
		{053E3575-0C7E-4CB9-A126-F4EE5D17C426}.Release|Any CPU.ActiveCfg = Release|Any CPU
		{053E3575-0C7E-4CB9-A126-F4EE5D17C426}.Release|Any CPU.Build.0 = Release|Any CPU
		{B10A1E93-3BB0-483E-B254-899FBBE5E1AB}.Debug|Any CPU.ActiveCfg = Debug|Any CPU
		{B10A1E93-3BB0-483E-B254-899FBBE5E1AB}.Debug|Any CPU.Build.0 = Debug|Any CPU
		{B10A1E93-3BB0-483E-B254-899FBBE5E1AB}.Release|Any CPU.ActiveCfg = Release|Any CPU
		{B10A1E93-3BB0-483E-B254-899FBBE5E1AB}.Release|Any CPU.Build.0 = Release|Any CPU
		{59578596-E64D-4C5C-81E2-B2D3FECBA469}.Debug|Any CPU.ActiveCfg = Debug|Any CPU
		{59578596-E64D-4C5C-81E2-B2D3FECBA469}.Debug|Any CPU.Build.0 = Debug|Any CPU
		{59578596-E64D-4C5C-81E2-B2D3FECBA469}.Release|Any CPU.ActiveCfg = Release|Any CPU
		{59578596-E64D-4C5C-81E2-B2D3FECBA469}.Release|Any CPU.Build.0 = Release|Any CPU
		{F31367F5-84B9-4547-9F2E-116DA42B23AE}.Debug|Any CPU.ActiveCfg = Debug|Any CPU
		{F31367F5-84B9-4547-9F2E-116DA42B23AE}.Debug|Any CPU.Build.0 = Debug|Any CPU
		{F31367F5-84B9-4547-9F2E-116DA42B23AE}.Release|Any CPU.ActiveCfg = Release|Any CPU
		{F31367F5-84B9-4547-9F2E-116DA42B23AE}.Release|Any CPU.Build.0 = Release|Any CPU
	EndGlobalSection
	GlobalSection(SolutionProperties) = preSolution
		HideSolutionNode = FALSE
	EndGlobalSection
	GlobalSection(ExtensibilityGlobals) = postSolution
		SolutionGuid = {F884778D-40BA-4C41-90CD-84E6E2A2F5F1}
	EndGlobalSection
EndGlobal
